// !$*UTF8*$!
{
	archiveVersion = 1;
	classes = {
	};
	objectVersion = 56;
	objects = {

/* Begin PBXBuildFile section */
		C00318D12B07916E0022DF0D /* AppDelegate.swift in Sources */ = {isa = PBXBuildFile; fileRef = C00318D02B07916E0022DF0D /* AppDelegate.swift */; };
		C00318D32B07916E0022DF0D /* SceneDelegate.swift in Sources */ = {isa = PBXBuildFile; fileRef = C00318D22B07916E0022DF0D /* SceneDelegate.swift */; };
		C00318D52B07916E0022DF0D /* WishMakerViewController.swift in Sources */ = {isa = PBXBuildFile; fileRef = C00318D42B07916E0022DF0D /* WishMakerViewController.swift */; };
		C00318DA2B07916F0022DF0D /* Assets.xcassets in Resources */ = {isa = PBXBuildFile; fileRef = C00318D92B07916F0022DF0D /* Assets.xcassets */; };
		C00318E92B07B6090022DF0D /* WishMakerViewModel.swift in Sources */ = {isa = PBXBuildFile; fileRef = C00318E82B07B6090022DF0D /* WishMakerViewModel.swift */; };
		C00318EB2B07C5200022DF0D /* WishStoringViewController.swift in Sources */ = {isa = PBXBuildFile; fileRef = C00318EA2B07C5200022DF0D /* WishStoringViewController.swift */; };
		C00318EE2B07D1BD0022DF0D /* PinLayout in Frameworks */ = {isa = PBXBuildFile; productRef = C00318ED2B07D1BD0022DF0D /* PinLayout */; };
		C00C4D892B08CEAC0064E69B /* WishCellClass.swift in Sources */ = {isa = PBXBuildFile; fileRef = C00C4D882B08CEAC0064E69B /* WishCellClass.swift */; };
		C00C4D8B2B08DDA50064E69B /* WishClass.swift in Sources */ = {isa = PBXBuildFile; fileRef = C00C4D8A2B08DDA50064E69B /* WishClass.swift */; };
/* End PBXBuildFile section */

/* Begin PBXFileReference section */
		C00318CD2B07916E0022DF0D /* isvolodinPW3.app */ = {isa = PBXFileReference; explicitFileType = wrapper.application; includeInIndex = 0; path = isvolodinPW3.app; sourceTree = BUILT_PRODUCTS_DIR; };
		C00318D02B07916E0022DF0D /* AppDelegate.swift */ = {isa = PBXFileReference; lastKnownFileType = sourcecode.swift; path = AppDelegate.swift; sourceTree = "<group>"; };
		C00318D22B07916E0022DF0D /* SceneDelegate.swift */ = {isa = PBXFileReference; lastKnownFileType = sourcecode.swift; path = SceneDelegate.swift; sourceTree = "<group>"; };
		C00318D42B07916E0022DF0D /* WishMakerViewController.swift */ = {isa = PBXFileReference; lastKnownFileType = sourcecode.swift; path = WishMakerViewController.swift; sourceTree = "<group>"; };
		C00318D92B07916F0022DF0D /* Assets.xcassets */ = {isa = PBXFileReference; lastKnownFileType = folder.assetcatalog; path = Assets.xcassets; sourceTree = "<group>"; };
		C00318DE2B07916F0022DF0D /* Info.plist */ = {isa = PBXFileReference; lastKnownFileType = text.plist.xml; path = Info.plist; sourceTree = "<group>"; };
		C00318E82B07B6090022DF0D /* WishMakerViewModel.swift */ = {isa = PBXFileReference; lastKnownFileType = sourcecode.swift; path = WishMakerViewModel.swift; sourceTree = "<group>"; };
		C00318EA2B07C5200022DF0D /* WishStoringViewController.swift */ = {isa = PBXFileReference; lastKnownFileType = sourcecode.swift; path = WishStoringViewController.swift; sourceTree = "<group>"; };
		C00C4D882B08CEAC0064E69B /* WishCellClass.swift */ = {isa = PBXFileReference; lastKnownFileType = sourcecode.swift; path = WishCellClass.swift; sourceTree = "<group>"; };
		C00C4D8A2B08DDA50064E69B /* WishClass.swift */ = {isa = PBXFileReference; lastKnownFileType = sourcecode.swift; path = WishClass.swift; sourceTree = "<group>"; };
/* End PBXFileReference section */

/* Begin PBXFrameworksBuildPhase section */
		C00318CA2B07916E0022DF0D /* Frameworks */ = {
			isa = PBXFrameworksBuildPhase;
			buildActionMask = 2147483647;
			files = (
				C00318EE2B07D1BD0022DF0D /* PinLayout in Frameworks */,
			);
			runOnlyForDeploymentPostprocessing = 0;
		};
/* End PBXFrameworksBuildPhase section */

/* Begin PBXGroup section */
		C00318C42B07916E0022DF0D = {
			isa = PBXGroup;
			children = (
				C00318CF2B07916E0022DF0D /* isvolodinPW3 */,
				C00318CE2B07916E0022DF0D /* Products */,
			);
			sourceTree = "<group>";
		};
		C00318CE2B07916E0022DF0D /* Products */ = {
			isa = PBXGroup;
			children = (
				C00318CD2B07916E0022DF0D /* isvolodinPW3.app */,
			);
			name = Products;
			sourceTree = "<group>";
		};
		C00318CF2B07916E0022DF0D /* isvolodinPW3 */ = {
			isa = PBXGroup;
			children = (
				C00318E42B0791AF0022DF0D /* App */,
				C00318E52B0791BB0022DF0D /* View */,
				C00318E72B07B5220022DF0D /* ViewModel */,
				C00318E62B0791D10022DF0D /* Model */,
				C00318D92B07916F0022DF0D /* Assets.xcassets */,
				C00318DE2B07916F0022DF0D /* Info.plist */,
			);
			path = isvolodinPW3;
			sourceTree = "<group>";
		};
		C00318E42B0791AF0022DF0D /* App */ = {
			isa = PBXGroup;
			children = (
				C00318D02B07916E0022DF0D /* AppDelegate.swift */,
				C00318D22B07916E0022DF0D /* SceneDelegate.swift */,
			);
			path = App;
			sourceTree = "<group>";
		};
		C00318E52B0791BB0022DF0D /* View */ = {
			isa = PBXGroup;
			children = (
				C00318D42B07916E0022DF0D /* WishMakerViewController.swift */,
				C00318EA2B07C5200022DF0D /* WishStoringViewController.swift */,
				C00C4D882B08CEAC0064E69B /* WishCellClass.swift */,
			);
			path = View;
			sourceTree = "<group>";
		};
		C00318E62B0791D10022DF0D /* Model */ = {
			isa = PBXGroup;
			children = (
				C00C4D8A2B08DDA50064E69B /* WishClass.swift */,
			);
			path = Model;
			sourceTree = "<group>";
		};
		C00318E72B07B5220022DF0D /* ViewModel */ = {
			isa = PBXGroup;
			children = (
				C00318E82B07B6090022DF0D /* WishMakerViewModel.swift */,
			);
			path = ViewModel;
			sourceTree = "<group>";
		};
/* End PBXGroup section */

/* Begin PBXNativeTarget section */
		C00318CC2B07916E0022DF0D /* isvolodinPW3 */ = {
			isa = PBXNativeTarget;
			buildConfigurationList = C00318E12B07916F0022DF0D /* Build configuration list for PBXNativeTarget "isvolodinPW3" */;
			buildPhases = (
				C00318C92B07916E0022DF0D /* Sources */,
				C00318CA2B07916E0022DF0D /* Frameworks */,
				C00318CB2B07916E0022DF0D /* Resources */,
			);
			buildRules = (
			);
			dependencies = (
			);
			name = isvolodinPW3;
			packageProductDependencies = (
				C00318ED2B07D1BD0022DF0D /* PinLayout */,
			);
			productName = isvolodinPW3;
			productReference = C00318CD2B07916E0022DF0D /* isvolodinPW3.app */;
			productType = "com.apple.product-type.application";
		};
/* End PBXNativeTarget section */

/* Begin PBXProject section */
		C00318C52B07916E0022DF0D /* Project object */ = {
			isa = PBXProject;
			attributes = {
				BuildIndependentTargetsInParallel = 1;
				LastSwiftUpdateCheck = 1500;
				LastUpgradeCheck = 1500;
				TargetAttributes = {
					C00318CC2B07916E0022DF0D = {
						CreatedOnToolsVersion = 15.0;
					};
				};
			};
			buildConfigurationList = C00318C82B07916E0022DF0D /* Build configuration list for PBXProject "isvolodinPW3" */;
			compatibilityVersion = "Xcode 14.0";
			developmentRegion = en;
			hasScannedForEncodings = 0;
			knownRegions = (
				en,
				Base,
			);
			mainGroup = C00318C42B07916E0022DF0D;
			packageReferences = (
				C00318EC2B07D1BD0022DF0D /* XCRemoteSwiftPackageReference "PinLayout" */,
			);
			productRefGroup = C00318CE2B07916E0022DF0D /* Products */;
			projectDirPath = "";
			projectRoot = "";
			targets = (
				C00318CC2B07916E0022DF0D /* isvolodinPW3 */,
			);
		};
/* End PBXProject section */

/* Begin PBXResourcesBuildPhase section */
		C00318CB2B07916E0022DF0D /* Resources */ = {
			isa = PBXResourcesBuildPhase;
			buildActionMask = 2147483647;
			files = (
				C00318DA2B07916F0022DF0D /* Assets.xcassets in Resources */,
			);
			runOnlyForDeploymentPostprocessing = 0;
		};
/* End PBXResourcesBuildPhase section */

/* Begin PBXSourcesBuildPhase section */
		C00318C92B07916E0022DF0D /* Sources */ = {
			isa = PBXSourcesBuildPhase;
			buildActionMask = 2147483647;
			files = (
				C00318D52B07916E0022DF0D /* WishMakerViewController.swift in Sources */,
				C00318D12B07916E0022DF0D /* AppDelegate.swift in Sources */,
				C00318E92B07B6090022DF0D /* WishMakerViewModel.swift in Sources */,
				C00C4D892B08CEAC0064E69B /* WishCellClass.swift in Sources */,
				C00318D32B07916E0022DF0D /* SceneDelegate.swift in Sources */,
				C00C4D8B2B08DDA50064E69B /* WishClass.swift in Sources */,
				C00318EB2B07C5200022DF0D /* WishStoringViewController.swift in Sources */,
			);
			runOnlyForDeploymentPostprocessing = 0;
		};
/* End PBXSourcesBuildPhase section */

/* Begin XCBuildConfiguration section */
		C00318DF2B07916F0022DF0D /* Debug */ = {
			isa = XCBuildConfiguration;
			buildSettings = {
				ALWAYS_SEARCH_USER_PATHS = NO;
				ASSETCATALOG_COMPILER_GENERATE_SWIFT_ASSET_SYMBOL_EXTENSIONS = YES;
				CLANG_ANALYZER_NONNULL = YES;
				CLANG_ANALYZER_NUMBER_OBJECT_CONVERSION = YES_AGGRESSIVE;
				CLANG_CXX_LANGUAGE_STANDARD = "gnu++20";
				CLANG_ENABLE_MODULES = YES;
				CLANG_ENABLE_OBJC_ARC = YES;
				CLANG_ENABLE_OBJC_WEAK = YES;
				CLANG_WARN_BLOCK_CAPTURE_AUTORELEASING = YES;
				CLANG_WARN_BOOL_CONVERSION = YES;
				CLANG_WARN_COMMA = YES;
				CLANG_WARN_CONSTANT_CONVERSION = YES;
				CLANG_WARN_DEPRECATED_OBJC_IMPLEMENTATIONS = YES;
				CLANG_WARN_DIRECT_OBJC_ISA_USAGE = YES_ERROR;
				CLANG_WARN_DOCUMENTATION_COMMENTS = YES;
				CLANG_WARN_EMPTY_BODY = YES;
				CLANG_WARN_ENUM_CONVERSION = YES;
				CLANG_WARN_INFINITE_RECURSION = YES;
				CLANG_WARN_INT_CONVERSION = YES;
				CLANG_WARN_NON_LITERAL_NULL_CONVERSION = YES;
				CLANG_WARN_OBJC_IMPLICIT_RETAIN_SELF = YES;
				CLANG_WARN_OBJC_LITERAL_CONVERSION = YES;
				CLANG_WARN_OBJC_ROOT_CLASS = YES_ERROR;
				CLANG_WARN_QUOTED_INCLUDE_IN_FRAMEWORK_HEADER = YES;
				CLANG_WARN_RANGE_LOOP_ANALYSIS = YES;
				CLANG_WARN_STRICT_PROTOTYPES = YES;
				CLANG_WARN_SUSPICIOUS_MOVE = YES;
				CLANG_WARN_UNGUARDED_AVAILABILITY = YES_AGGRESSIVE;
				CLANG_WARN_UNREACHABLE_CODE = YES;
				CLANG_WARN__DUPLICATE_METHOD_MATCH = YES;
				COPY_PHASE_STRIP = NO;
				DEBUG_INFORMATION_FORMAT = dwarf;
				ENABLE_STRICT_OBJC_MSGSEND = YES;
				ENABLE_TESTABILITY = YES;
				ENABLE_USER_SCRIPT_SANDBOXING = YES;
				GCC_C_LANGUAGE_STANDARD = gnu17;
				GCC_DYNAMIC_NO_PIC = NO;
				GCC_NO_COMMON_BLOCKS = YES;
				GCC_OPTIMIZATION_LEVEL = 0;
				GCC_PREPROCESSOR_DEFINITIONS = (
					"DEBUG=1",
					"$(inherited)",
				);
				GCC_WARN_64_TO_32_BIT_CONVERSION = YES;
				GCC_WARN_ABOUT_RETURN_TYPE = YES_ERROR;
				GCC_WARN_UNDECLARED_SELECTOR = YES;
				GCC_WARN_UNINITIALIZED_AUTOS = YES_AGGRESSIVE;
				GCC_WARN_UNUSED_FUNCTION = YES;
				GCC_WARN_UNUSED_VARIABLE = YES;
				IPHONEOS_DEPLOYMENT_TARGET = 17.0;
				LOCALIZATION_PREFERS_STRING_CATALOGS = YES;
				MTL_ENABLE_DEBUG_INFO = INCLUDE_SOURCE;
				MTL_FAST_MATH = YES;
				ONLY_ACTIVE_ARCH = YES;
				SDKROOT = iphoneos;
				SWIFT_ACTIVE_COMPILATION_CONDITIONS = "DEBUG $(inherited)";
				SWIFT_OPTIMIZATION_LEVEL = "-Onone";
			};
			name = Debug;
		};
		C00318E02B07916F0022DF0D /* Release */ = {
			isa = XCBuildConfiguration;
			buildSettings = {
				ALWAYS_SEARCH_USER_PATHS = NO;
				ASSETCATALOG_COMPILER_GENERATE_SWIFT_ASSET_SYMBOL_EXTENSIONS = YES;
				CLANG_ANALYZER_NONNULL = YES;
				CLANG_ANALYZER_NUMBER_OBJECT_CONVERSION = YES_AGGRESSIVE;
				CLANG_CXX_LANGUAGE_STANDARD = "gnu++20";
				CLANG_ENABLE_MODULES = YES;
				CLANG_ENABLE_OBJC_ARC = YES;
				CLANG_ENABLE_OBJC_WEAK = YES;
				CLANG_WARN_BLOCK_CAPTURE_AUTORELEASING = YES;
				CLANG_WARN_BOOL_CONVERSION = YES;
				CLANG_WARN_COMMA = YES;
				CLANG_WARN_CONSTANT_CONVERSION = YES;
				CLANG_WARN_DEPRECATED_OBJC_IMPLEMENTATIONS = YES;
				CLANG_WARN_DIRECT_OBJC_ISA_USAGE = YES_ERROR;
				CLANG_WARN_DOCUMENTATION_COMMENTS = YES;
				CLANG_WARN_EMPTY_BODY = YES;
				CLANG_WARN_ENUM_CONVERSION = YES;
				CLANG_WARN_INFINITE_RECURSION = YES;
				CLANG_WARN_INT_CONVERSION = YES;
				CLANG_WARN_NON_LITERAL_NULL_CONVERSION = YES;
				CLANG_WARN_OBJC_IMPLICIT_RETAIN_SELF = YES;
				CLANG_WARN_OBJC_LITERAL_CONVERSION = YES;
				CLANG_WARN_OBJC_ROOT_CLASS = YES_ERROR;
				CLANG_WARN_QUOTED_INCLUDE_IN_FRAMEWORK_HEADER = YES;
				CLANG_WARN_RANGE_LOOP_ANALYSIS = YES;
				CLANG_WARN_STRICT_PROTOTYPES = YES;
				CLANG_WARN_SUSPICIOUS_MOVE = YES;
				CLANG_WARN_UNGUARDED_AVAILABILITY = YES_AGGRESSIVE;
				CLANG_WARN_UNREACHABLE_CODE = YES;
				CLANG_WARN__DUPLICATE_METHOD_MATCH = YES;
				COPY_PHASE_STRIP = NO;
				DEBUG_INFORMATION_FORMAT = "dwarf-with-dsym";
				ENABLE_NS_ASSERTIONS = NO;
				ENABLE_STRICT_OBJC_MSGSEND = YES;
				ENABLE_USER_SCRIPT_SANDBOXING = YES;
				GCC_C_LANGUAGE_STANDARD = gnu17;
				GCC_NO_COMMON_BLOCKS = YES;
				GCC_WARN_64_TO_32_BIT_CONVERSION = YES;
				GCC_WARN_ABOUT_RETURN_TYPE = YES_ERROR;
				GCC_WARN_UNDECLARED_SELECTOR = YES;
				GCC_WARN_UNINITIALIZED_AUTOS = YES_AGGRESSIVE;
				GCC_WARN_UNUSED_FUNCTION = YES;
				GCC_WARN_UNUSED_VARIABLE = YES;
				IPHONEOS_DEPLOYMENT_TARGET = 17.0;
				LOCALIZATION_PREFERS_STRING_CATALOGS = YES;
				MTL_ENABLE_DEBUG_INFO = NO;
				MTL_FAST_MATH = YES;
				SDKROOT = iphoneos;
				SWIFT_COMPILATION_MODE = wholemodule;
				VALIDATE_PRODUCT = YES;
			};
			name = Release;
		};
		C00318E22B07916F0022DF0D /* Debug */ = {
			isa = XCBuildConfiguration;
			buildSettings = {
				ASSETCATALOG_COMPILER_APPICON_NAME = AppIcon;
				ASSETCATALOG_COMPILER_GLOBAL_ACCENT_COLOR_NAME = AccentColor;
				CODE_SIGN_STYLE = Automatic;
				CURRENT_PROJECT_VERSION = 1;
				DEVELOPMENT_TEAM = CCW336U294;
				GENERATE_INFOPLIST_FILE = YES;
				INFOPLIST_FILE = isvolodinPW3/Info.plist;
				INFOPLIST_KEY_UIApplicationSupportsIndirectInputEvents = YES;
				INFOPLIST_KEY_UILaunchStoryboardName = LaunchScreen;
				INFOPLIST_KEY_UISupportedInterfaceOrientations_iPad = "UIInterfaceOrientationPortrait UIInterfaceOrientationPortraitUpsideDown UIInterfaceOrientationLandscapeLeft UIInterfaceOrientationLandscapeRight";
				INFOPLIST_KEY_UISupportedInterfaceOrientations_iPhone = "UIInterfaceOrientationPortrait UIInterfaceOrientationLandscapeLeft UIInterfaceOrientationLandscapeRight";
				IPHONEOS_DEPLOYMENT_TARGET = 13.0;
				LD_RUNPATH_SEARCH_PATHS = (
					"$(inherited)",
					"@executable_path/Frameworks",
				);
				MARKETING_VERSION = 1.0;
				PRODUCT_BUNDLE_IDENTIFIER = volodin.isvolodinPW3;
				PRODUCT_NAME = "$(TARGET_NAME)";
				SWIFT_EMIT_LOC_STRINGS = YES;
				SWIFT_VERSION = 5.0;
				TARGETED_DEVICE_FAMILY = "1,2";
			};
			name = Debug;
		};
		C00318E32B07916F0022DF0D /* Release */ = {
			isa = XCBuildConfiguration;
			buildSettings = {
				ASSETCATALOG_COMPILER_APPICON_NAME = AppIcon;
				ASSETCATALOG_COMPILER_GLOBAL_ACCENT_COLOR_NAME = AccentColor;
				CODE_SIGN_STYLE = Automatic;
				CURRENT_PROJECT_VERSION = 1;
				DEVELOPMENT_TEAM = CCW336U294;
				GENERATE_INFOPLIST_FILE = YES;
				INFOPLIST_FILE = isvolodinPW3/Info.plist;
				INFOPLIST_KEY_UIApplicationSupportsIndirectInputEvents = YES;
				INFOPLIST_KEY_UILaunchStoryboardName = LaunchScreen;
				INFOPLIST_KEY_UISupportedInterfaceOrientations_iPad = "UIInterfaceOrientationPortrait UIInterfaceOrientationPortraitUpsideDown UIInterfaceOrientationLandscapeLeft UIInterfaceOrientationLandscapeRight";
				INFOPLIST_KEY_UISupportedInterfaceOrientations_iPhone = "UIInterfaceOrientationPortrait UIInterfaceOrientationLandscapeLeft UIInterfaceOrientationLandscapeRight";
				IPHONEOS_DEPLOYMENT_TARGET = 13.0;
				LD_RUNPATH_SEARCH_PATHS = (
					"$(inherited)",
					"@executable_path/Frameworks",
				);
				MARKETING_VERSION = 1.0;
				PRODUCT_BUNDLE_IDENTIFIER = volodin.isvolodinPW3;
				PRODUCT_NAME = "$(TARGET_NAME)";
				SWIFT_EMIT_LOC_STRINGS = YES;
				SWIFT_VERSION = 5.0;
				TARGETED_DEVICE_FAMILY = "1,2";
			};
			name = Release;
		};
/* End XCBuildConfiguration section */

/* Begin XCConfigurationList section */
		C00318C82B07916E0022DF0D /* Build configuration list for PBXProject "isvolodinPW3" */ = {
			isa = XCConfigurationList;
			buildConfigurations = (
				C00318DF2B07916F0022DF0D /* Debug */,
				C00318E02B07916F0022DF0D /* Release */,
			);
			defaultConfigurationIsVisible = 0;
			defaultConfigurationName = Release;
		};
		C00318E12B07916F0022DF0D /* Build configuration list for PBXNativeTarget "isvolodinPW3" */ = {
			isa = XCConfigurationList;
			buildConfigurations = (
				C00318E22B07916F0022DF0D /* Debug */,
				C00318E32B07916F0022DF0D /* Release */,
			);
			defaultConfigurationIsVisible = 0;
			defaultConfigurationName = Release;
		};
/* End XCConfigurationList section */

/* Begin XCRemoteSwiftPackageReference section */
		C00318EC2B07D1BD0022DF0D /* XCRemoteSwiftPackageReference "PinLayout" */ = {
			isa = XCRemoteSwiftPackageReference;
			repositoryURL = "https://github.com/layoutBox/PinLayout";
			requirement = {
				kind = upToNextMajorVersion;
				minimumVersion = 1.10.5;
			};
		};
/* End XCRemoteSwiftPackageReference section */

/* Begin XCSwiftPackageProductDependency section */
		C00318ED2B07D1BD0022DF0D /* PinLayout */ = {
			isa = XCSwiftPackageProductDependency;
			package = C00318EC2B07D1BD0022DF0D /* XCRemoteSwiftPackageReference "PinLayout" */;
			productName = PinLayout;
		};
/* End XCSwiftPackageProductDependency section */
	};
	rootObject = C00318C52B07916E0022DF0D /* Project object */;
}
